
Microsoft Visual Studio Solution File, Format Version 12.00
# Visual Studio Version 17
VisualStudioVersion = 17.6.33723.286
MinimumVisualStudioVersion = 10.0.40219.1
Project("{FAE04EC0-301F-11D3-BF4B-00C04F79EFBC}") = "miniPaint", "miniPaint\miniPaint.csproj", "{3ABA56F5-C153-4A18-8C11-BB5263371CB7}"
EndProject
Global
	GlobalSection(SolutionConfigurationPlatforms) = preSolution
		Debug|Any CPU = Debug|Any CPU
		Release|Any CPU = Release|Any CPU
	EndGlobalSection
	GlobalSection(ProjectConfigurationPlatforms) = postSolution
		{3ABA56F5-C153-4A18-8C11-BB5263371CB7}.Debug|Any CPU.ActiveCfg = Debug|Any CPU
		{3ABA56F5-C153-4A18-8C11-BB5263371CB7}.Debug|Any CPU.Build.0 = Debug|Any CPU
		{3ABA56F5-C153-4A18-8C11-BB5263371CB7}.Release|Any CPU.ActiveCfg = Release|Any CPU
		{3ABA56F5-C153-4A18-8C11-BB5263371CB7}.Release|Any CPU.Build.0 = Release|Any CPU
	EndGlobalSection
	GlobalSection(SolutionProperties) = preSolution
		HideSolutionNode = FALSE
	EndGlobalSection
	GlobalSection(ExtensibilityGlobals) = postSolution
		SolutionGuid = {DD78E9FB-F0CD-4A57-A882-A28C736B4890}
	EndGlobalSection
EndGlobal
