
Microsoft Visual Studio Solution File, Format Version 12.00
# Visual Studio Version 17
VisualStudioVersion = 17.6.33723.286
MinimumVisualStudioVersion = 10.0.40219.1
Project("{FAE04EC0-301F-11D3-BF4B-00C04F79EFBC}") = "TwoForms", "TwoForms\TwoForms.csproj", "{45E7FEC6-3B77-449E-A6D5-B5A4E0F358D7}"
EndProject
Global
	GlobalSection(SolutionConfigurationPlatforms) = preSolution
		Debug|Any CPU = Debug|Any CPU
		Release|Any CPU = Release|Any CPU
	EndGlobalSection
	GlobalSection(ProjectConfigurationPlatforms) = postSolution
		{45E7FEC6-3B77-449E-A6D5-B5A4E0F358D7}.Debug|Any CPU.ActiveCfg = Debug|Any CPU
		{45E7FEC6-3B77-449E-A6D5-B5A4E0F358D7}.Debug|Any CPU.Build.0 = Debug|Any CPU
		{45E7FEC6-3B77-449E-A6D5-B5A4E0F358D7}.Release|Any CPU.ActiveCfg = Release|Any CPU
		{45E7FEC6-3B77-449E-A6D5-B5A4E0F358D7}.Release|Any CPU.Build.0 = Release|Any CPU
	EndGlobalSection
	GlobalSection(SolutionProperties) = preSolution
		HideSolutionNode = FALSE
	EndGlobalSection
	GlobalSection(ExtensibilityGlobals) = postSolution
		SolutionGuid = {AF10D896-3419-49D6-BB9B-7072DCE08A96}
	EndGlobalSection
EndGlobal
